
Microsoft Visual Studio Solution File, Format Version 12.00
# Visual Studio Version 16
VisualStudioVersion = 16.0.30225.117
MinimumVisualStudioVersion = 10.0.40219.1
Project("{FAE04EC0-301F-11D3-BF4B-00C04F79EFBC}") = "Proyecto_Clases", "Proyecto_Clases\Proyecto_Clases.csproj", "{0CB7859D-8956-4E71-A2FA-DF8A8C1018ED}"
EndProject
Global
	GlobalSection(SolutionConfigurationPlatforms) = preSolution
		Debug|Any CPU = Debug|Any CPU
		Release|Any CPU = Release|Any CPU
	EndGlobalSection
	GlobalSection(ProjectConfigurationPlatforms) = postSolution
		{0CB7859D-8956-4E71-A2FA-DF8A8C1018ED}.Debug|Any CPU.ActiveCfg = Debug|Any CPU
		{0CB7859D-8956-4E71-A2FA-DF8A8C1018ED}.Debug|Any CPU.Build.0 = Debug|Any CPU
		{0CB7859D-8956-4E71-A2FA-DF8A8C1018ED}.Release|Any CPU.ActiveCfg = Release|Any CPU
		{0CB7859D-8956-4E71-A2FA-DF8A8C1018ED}.Release|Any CPU.Build.0 = Release|Any CPU
	EndGlobalSection
	GlobalSection(SolutionProperties) = preSolution
		HideSolutionNode = FALSE
	EndGlobalSection
	GlobalSection(ExtensibilityGlobals) = postSolution
		SolutionGuid = {F3C4518A-816E-4EDB-886D-9989C585EDC1}
	EndGlobalSection
EndGlobal
